
Microsoft Visual Studio Solution File, Format Version 12.00
# Visual Studio Version 16
VisualStudioVersion = 16.0.31911.196
MinimumVisualStudioVersion = 10.0.40219.1
Project("{FAE04EC0-301F-11D3-BF4B-00C04F79EFBC}") = "RadGridView", "RadGridView\RadGridView\RadGridView.csproj", "{F9D9D5A7-5B4A-4583-A037-EEEB7157F984}"
EndProject
Project("{FAE04EC0-301F-11D3-BF4B-00C04F79EFBC}") = "RadGridView.Browser", "RadGridView\RadGridView.Browser\RadGridView.Browser.csproj", "{B0EB0493-AE9C-4733-B69A-C5728C1B8EFE}"
EndProject
Project("{FAE04EC0-301F-11D3-BF4B-00C04F79EFBC}") = "RadGridView.Simulator", "RadGridView\RadGridView.Simulator\RadGridView.Simulator.csproj", "{5FAAE169-0AAB-4F7A-90B2-89EC03D47ED4}"
EndProject
Global
	GlobalSection(SolutionConfigurationPlatforms) = preSolution
		Debug|Any CPU = Debug|Any CPU
		Release|Any CPU = Release|Any CPU
	EndGlobalSection
	GlobalSection(ProjectConfigurationPlatforms) = postSolution
		{F9D9D5A7-5B4A-4583-A037-EEEB7157F984}.Debug|Any CPU.ActiveCfg = Debug|Any CPU
		{F9D9D5A7-5B4A-4583-A037-EEEB7157F984}.Debug|Any CPU.Build.0 = Debug|Any CPU
		{F9D9D5A7-5B4A-4583-A037-EEEB7157F984}.Release|Any CPU.ActiveCfg = Release|Any CPU
		{F9D9D5A7-5B4A-4583-A037-EEEB7157F984}.Release|Any CPU.Build.0 = Release|Any CPU
		{B0EB0493-AE9C-4733-B69A-C5728C1B8EFE}.Debug|Any CPU.ActiveCfg = Debug|Any CPU
		{B0EB0493-AE9C-4733-B69A-C5728C1B8EFE}.Debug|Any CPU.Build.0 = Debug|Any CPU
		{B0EB0493-AE9C-4733-B69A-C5728C1B8EFE}.Release|Any CPU.ActiveCfg = Release|Any CPU
		{B0EB0493-AE9C-4733-B69A-C5728C1B8EFE}.Release|Any CPU.Build.0 = Release|Any CPU
		{5FAAE169-0AAB-4F7A-90B2-89EC03D47ED4}.Debug|Any CPU.ActiveCfg = Debug|Any CPU
		{5FAAE169-0AAB-4F7A-90B2-89EC03D47ED4}.Debug|Any CPU.Build.0 = Debug|Any CPU
		{5FAAE169-0AAB-4F7A-90B2-89EC03D47ED4}.Release|Any CPU.ActiveCfg = Release|Any CPU
		{5FAAE169-0AAB-4F7A-90B2-89EC03D47ED4}.Release|Any CPU.Build.0 = Release|Any CPU
	EndGlobalSection
	GlobalSection(SolutionProperties) = preSolution
		HideSolutionNode = FALSE
	EndGlobalSection
	GlobalSection(ExtensibilityGlobals) = postSolution
		SolutionGuid = {FE52E32A-0802-47F8-A99D-7D34008ED046}
	EndGlobalSection
EndGlobal
